
Microsoft Visual Studio Solution File, Format Version 12.00
Project("{FAE04EC0-301F-11D3-BF4B-00C04F79EFBC}") = "HW10", "src\HW10\HW10.csproj", "{88FEE427-7ADF-47A1-80E4-B513C6D333F0}"
EndProject
Project("{FAE04EC0-301F-11D3-BF4B-00C04F79EFBC}") = "HW10.Tests", "src\HW10.Tests\HW10.Tests.csproj", "{DBE56C93-3BF2-4277-BCFC-4F81DC585B1D}"
EndProject
Global
	GlobalSection(SolutionConfigurationPlatforms) = preSolution
		Debug|Any CPU = Debug|Any CPU
		Release|Any CPU = Release|Any CPU
	EndGlobalSection
	GlobalSection(ProjectConfigurationPlatforms) = postSolution
		{88FEE427-7ADF-47A1-80E4-B513C6D333F0}.Debug|Any CPU.ActiveCfg = Debug|Any CPU
		{88FEE427-7ADF-47A1-80E4-B513C6D333F0}.Debug|Any CPU.Build.0 = Debug|Any CPU
		{88FEE427-7ADF-47A1-80E4-B513C6D333F0}.Release|Any CPU.ActiveCfg = Release|Any CPU
		{88FEE427-7ADF-47A1-80E4-B513C6D333F0}.Release|Any CPU.Build.0 = Release|Any CPU
		{DBE56C93-3BF2-4277-BCFC-4F81DC585B1D}.Debug|Any CPU.ActiveCfg = Debug|Any CPU
		{DBE56C93-3BF2-4277-BCFC-4F81DC585B1D}.Debug|Any CPU.Build.0 = Debug|Any CPU
		{DBE56C93-3BF2-4277-BCFC-4F81DC585B1D}.Release|Any CPU.ActiveCfg = Release|Any CPU
		{DBE56C93-3BF2-4277-BCFC-4F81DC585B1D}.Release|Any CPU.Build.0 = Release|Any CPU
	EndGlobalSection
EndGlobal
