
Microsoft Visual Studio Solution File, Format Version 12.00
Project("{F2A71F9B-5D33-465A-A702-920D77279786}") = "HW5", "src\HW5\HW5.fsproj", "{1EFCD298-1EC8-43E8-B628-AD672856583F}"
EndProject
Global
	GlobalSection(SolutionConfigurationPlatforms) = preSolution
		Debug|Any CPU = Debug|Any CPU
		Release|Any CPU = Release|Any CPU
	EndGlobalSection
	GlobalSection(ProjectConfigurationPlatforms) = postSolution
		{1EFCD298-1EC8-43E8-B628-AD672856583F}.Debug|Any CPU.ActiveCfg = Debug|Any CPU
		{1EFCD298-1EC8-43E8-B628-AD672856583F}.Debug|Any CPU.Build.0 = Debug|Any CPU
		{1EFCD298-1EC8-43E8-B628-AD672856583F}.Release|Any CPU.ActiveCfg = Release|Any CPU
		{1EFCD298-1EC8-43E8-B628-AD672856583F}.Release|Any CPU.Build.0 = Release|Any CPU
	EndGlobalSection
EndGlobal
