
Microsoft Visual Studio Solution File, Format Version 12.00
Project("{FAE04EC0-301F-11D3-BF4B-00C04F79EFBC}") = "HW6.WebTests", "tests\HW6.WebTests\HW6.WebTests.csproj", "{9693B19C-6CD6-4038-B638-F2A6804E5A08}"
EndProject
Project("{F2A71F9B-5D33-465A-A702-920D77279786}") = "HW6", "src\HW6\HW6.fsproj", "{11AEEE4F-5A66-4C28-AD47-C4D721D93943}"
EndProject
Global
	GlobalSection(SolutionConfigurationPlatforms) = preSolution
		Debug|Any CPU = Debug|Any CPU
		Release|Any CPU = Release|Any CPU
	EndGlobalSection
	GlobalSection(ProjectConfigurationPlatforms) = postSolution
		{9693B19C-6CD6-4038-B638-F2A6804E5A08}.Debug|Any CPU.ActiveCfg = Debug|Any CPU
		{9693B19C-6CD6-4038-B638-F2A6804E5A08}.Debug|Any CPU.Build.0 = Debug|Any CPU
		{9693B19C-6CD6-4038-B638-F2A6804E5A08}.Release|Any CPU.ActiveCfg = Release|Any CPU
		{9693B19C-6CD6-4038-B638-F2A6804E5A08}.Release|Any CPU.Build.0 = Release|Any CPU
		{11AEEE4F-5A66-4C28-AD47-C4D721D93943}.Debug|Any CPU.ActiveCfg = Debug|Any CPU
		{11AEEE4F-5A66-4C28-AD47-C4D721D93943}.Debug|Any CPU.Build.0 = Debug|Any CPU
		{11AEEE4F-5A66-4C28-AD47-C4D721D93943}.Release|Any CPU.ActiveCfg = Release|Any CPU
		{11AEEE4F-5A66-4C28-AD47-C4D721D93943}.Release|Any CPU.Build.0 = Release|Any CPU
	EndGlobalSection
EndGlobal
